
Microsoft Visual Studio Solution File, Format Version 12.00
# Visual Studio Version 16
VisualStudioVersion = 16.0.29102.190
MinimumVisualStudioVersion = 10.0.40219.1
Project("{888888A0-9F3D-457C-B088-3A5042F75D52}") = "auv_bin_class", "auv_bin_class.pyproj", "{0CFD0197-7468-4677-8799-CD0A7C3DA519}"
EndProject
Global
	GlobalSection(SolutionConfigurationPlatforms) = preSolution
		Debug|Any CPU = Debug|Any CPU
		Release|Any CPU = Release|Any CPU
	EndGlobalSection
	GlobalSection(ProjectConfigurationPlatforms) = postSolution
		{0CFD0197-7468-4677-8799-CD0A7C3DA519}.Debug|Any CPU.ActiveCfg = Debug|Any CPU
		{0CFD0197-7468-4677-8799-CD0A7C3DA519}.Release|Any CPU.ActiveCfg = Release|Any CPU
	EndGlobalSection
	GlobalSection(SolutionProperties) = preSolution
		HideSolutionNode = FALSE
	EndGlobalSection
	GlobalSection(ExtensibilityGlobals) = postSolution
		SolutionGuid = {AEEEB225-C110-4C2C-AB41-29012D9EAAA8}
	EndGlobalSection
EndGlobal
